
Microsoft Visual Studio Solution File, Format Version 12.00
# Visual Studio Version 16
VisualStudioVersion = 16.0.28803.156
MinimumVisualStudioVersion = 10.0.40219.1
Project("{FAE04EC0-301F-11D3-BF4B-00C04F79EFBC}") = "PrjTecnicoJogador", "TecnicoJogador\PrjTecnicoJogador.csproj", "{ED4A2212-A6CC-47E5-B3F7-C39735317E86}"
EndProject
Global
	GlobalSection(SolutionConfigurationPlatforms) = preSolution
		Debug|Any CPU = Debug|Any CPU
		Release|Any CPU = Release|Any CPU
	EndGlobalSection
	GlobalSection(ProjectConfigurationPlatforms) = postSolution
		{ED4A2212-A6CC-47E5-B3F7-C39735317E86}.Debug|Any CPU.ActiveCfg = Debug|Any CPU
		{ED4A2212-A6CC-47E5-B3F7-C39735317E86}.Debug|Any CPU.Build.0 = Debug|Any CPU
		{ED4A2212-A6CC-47E5-B3F7-C39735317E86}.Release|Any CPU.ActiveCfg = Release|Any CPU
		{ED4A2212-A6CC-47E5-B3F7-C39735317E86}.Release|Any CPU.Build.0 = Release|Any CPU
	EndGlobalSection
	GlobalSection(SolutionProperties) = preSolution
		HideSolutionNode = FALSE
	EndGlobalSection
	GlobalSection(ExtensibilityGlobals) = postSolution
		SolutionGuid = {FEC73CD4-863C-4CFE-BDA3-711D7693437A}
	EndGlobalSection
EndGlobal
